
Microsoft Visual Studio Solution File, Format Version 12.00
# Visual Studio Version 17
VisualStudioVersion = 17.14.36121.58 d17.14
MinimumVisualStudioVersion = 10.0.40219.1
Project("{FAE04EC0-301F-11D3-BF4B-00C04F79EFBC}") = "Bartender.Api", "Bartender.Api\Bartender.Api.csproj", "{A216BE9A-8E3F-49FF-8DF7-B6EF36068207}"
EndProject
Global
	GlobalSection(SolutionConfigurationPlatforms) = preSolution
		Debug|Any CPU = Debug|Any CPU
		Release|Any CPU = Release|Any CPU
	EndGlobalSection
	GlobalSection(ProjectConfigurationPlatforms) = postSolution
		{A216BE9A-8E3F-49FF-8DF7-B6EF36068207}.Debug|Any CPU.ActiveCfg = Debug|Any CPU
		{A216BE9A-8E3F-49FF-8DF7-B6EF36068207}.Debug|Any CPU.Build.0 = Debug|Any CPU
		{A216BE9A-8E3F-49FF-8DF7-B6EF36068207}.Release|Any CPU.ActiveCfg = Release|Any CPU
		{A216BE9A-8E3F-49FF-8DF7-B6EF36068207}.Release|Any CPU.Build.0 = Release|Any CPU
	EndGlobalSection
	GlobalSection(SolutionProperties) = preSolution
		HideSolutionNode = FALSE
	EndGlobalSection
	GlobalSection(ExtensibilityGlobals) = postSolution
		SolutionGuid = {1F07A85F-BF0D-4D27-ABF3-99A41E2EB487}
	EndGlobalSection
EndGlobal
